Microsoft Visual Studio Solution File, Format Version 12.00
# Visual Studio Version 17
VisualStudioVersion = 17.5.2.0
MinimumVisualStudioVersion = 10.0.40219.1
Project("{2150E333-8FDC-42A3-9474-1A3956D46DE8}") = "Less1", "Less1", "{082EA510-339B-EA87-D2DE-7E4E97589DC2}"
EndProject
Project("{FAE04EC0-301F-11D3-BF4B-00C04F79EFBC}") = "Tarea1", "Less1\Tarea1\Tarea1.csproj", "{C86E1BE0-3BD4-12EE-1E74-CD5A36C07CC4}"
EndProject
Global
	GlobalSection(SolutionConfigurationPlatforms) = preSolution
		Debug|Any CPU = Debug|Any CPU
		Release|Any CPU = Release|Any CPU
	EndGlobalSection
	GlobalSection(ProjectConfigurationPlatforms) = postSolution
		{C86E1BE0-3BD4-12EE-1E74-CD5A36C07CC4}.Debug|Any CPU.ActiveCfg = Debug|Any CPU
		{C86E1BE0-3BD4-12EE-1E74-CD5A36C07CC4}.Debug|Any CPU.Build.0 = Debug|Any CPU
		{C86E1BE0-3BD4-12EE-1E74-CD5A36C07CC4}.Release|Any CPU.ActiveCfg = Release|Any CPU
		{C86E1BE0-3BD4-12EE-1E74-CD5A36C07CC4}.Release|Any CPU.Build.0 = Release|Any CPU
	EndGlobalSection
	GlobalSection(SolutionProperties) = preSolution
		HideSolutionNode = FALSE
	EndGlobalSection
	GlobalSection(NestedProjects) = preSolution
		{C86E1BE0-3BD4-12EE-1E74-CD5A36C07CC4} = {082EA510-339B-EA87-D2DE-7E4E97589DC2}
	EndGlobalSection
	GlobalSection(ExtensibilityGlobals) = postSolution
		SolutionGuid = {1E3D6B04-1727-4363-88BA-5ABCF243B3A1}
	EndGlobalSection
EndGlobal
